
Microsoft Visual Studio Solution File, Format Version 10.00
# Visual Studio 2008
Project("{FAE04EC0-301F-11D3-BF4B-00C04F79EFBC}") = "Auditing.Presentation", "Auditing.Presentation\Auditing.Presentation.csproj", "{18FADF09-7411-4BA6-855F-E0FA77FF36D1}"
EndProject
Project("{FAE04EC0-301F-11D3-BF4B-00C04F79EFBC}") = "Auditing.Business", "Auditing.Business\Auditing.Business.csproj", "{AC328C60-AD01-413F-8DD6-71DB6B90E647}"
EndProject
Project("{FAE04EC0-301F-11D3-BF4B-00C04F79EFBC}") = "Auditing.Data", "Auditing.Data\Auditing.Data.csproj", "{D73F1F4E-1960-4D1E-AC91-7516D7099678}"
EndProject
Global
	GlobalSection(SolutionConfigurationPlatforms) = preSolution
		Debug|Any CPU = Debug|Any CPU
		Release|Any CPU = Release|Any CPU
	EndGlobalSection
	GlobalSection(ProjectConfigurationPlatforms) = postSolution
		{18FADF09-7411-4BA6-855F-E0FA77FF36D1}.Debug|Any CPU.ActiveCfg = Debug|Any CPU
		{18FADF09-7411-4BA6-855F-E0FA77FF36D1}.Debug|Any CPU.Build.0 = Debug|Any CPU
		{18FADF09-7411-4BA6-855F-E0FA77FF36D1}.Release|Any CPU.ActiveCfg = Release|Any CPU
		{18FADF09-7411-4BA6-855F-E0FA77FF36D1}.Release|Any CPU.Build.0 = Release|Any CPU
		{AC328C60-AD01-413F-8DD6-71DB6B90E647}.Debug|Any CPU.ActiveCfg = Debug|Any CPU
		{AC328C60-AD01-413F-8DD6-71DB6B90E647}.Debug|Any CPU.Build.0 = Debug|Any CPU
		{AC328C60-AD01-413F-8DD6-71DB6B90E647}.Release|Any CPU.ActiveCfg = Release|Any CPU
		{AC328C60-AD01-413F-8DD6-71DB6B90E647}.Release|Any CPU.Build.0 = Release|Any CPU
		{D73F1F4E-1960-4D1E-AC91-7516D7099678}.Debug|Any CPU.ActiveCfg = Debug|Any CPU
		{D73F1F4E-1960-4D1E-AC91-7516D7099678}.Debug|Any CPU.Build.0 = Debug|Any CPU
		{D73F1F4E-1960-4D1E-AC91-7516D7099678}.Release|Any CPU.ActiveCfg = Release|Any CPU
		{D73F1F4E-1960-4D1E-AC91-7516D7099678}.Release|Any CPU.Build.0 = Release|Any CPU
	EndGlobalSection
	GlobalSection(SolutionProperties) = preSolution
		HideSolutionNode = FALSE
	EndGlobalSection
EndGlobal
